
Microsoft Visual Studio Solution File, Format Version 12.00
# Visual Studio Version 17
VisualStudioVersion = 17.0.31903.59
MinimumVisualStudioVersion = 10.0.40219.1
Project("{2150E333-8FDC-42A3-9474-1A3956D46DE8}") = "services", "services", "{5854FF58-B8C5-05C6-5BF2-ACE42193F22B}"
EndProject
Project("{2150E333-8FDC-42A3-9474-1A3956D46DE8}") = "auth-service", "auth-service", "{7F6C3B85-1376-B120-7EF4-00D42A28B76F}"
EndProject
Project("{FAE04EC0-301F-11D3-BF4B-00C04F79EFBC}") = "AuthService", "services\auth-service\AuthService.csproj", "{910063AE-6B2F-4C35-A53E-F5BE24D8DDA2}"
EndProject
Project("{2150E333-8FDC-42A3-9474-1A3956D46DE8}") = "product-service", "product-service", "{BD743EE6-53CF-A858-462E-2C1E7C2A196E}"
EndProject
Project("{FAE04EC0-301F-11D3-BF4B-00C04F79EFBC}") = "ProductService", "services\product-service\ProductService.csproj", "{908D1EAB-515A-4213-8749-493DD8913315}"
EndProject
Project("{2150E333-8FDC-42A3-9474-1A3956D46DE8}") = "order-service", "order-service", "{6BA2C5F8-8CDC-9D22-C063-7A94EB5993AF}"
EndProject
Project("{FAE04EC0-301F-11D3-BF4B-00C04F79EFBC}") = "OrderService", "services\order-service\OrderService.csproj", "{8A41AF98-028D-451A-9AC5-0A475D3CF933}"
EndProject
Project("{2150E333-8FDC-42A3-9474-1A3956D46DE8}") = "api-gateway", "api-gateway", "{D5740E39-79EC-8D71-EBC3-DD458F48E25C}"
EndProject
Project("{FAE04EC0-301F-11D3-BF4B-00C04F79EFBC}") = "ApiGateway", "api-gateway\ApiGateway.csproj", "{71656A64-1F52-4038-B88F-2067741EE4AF}"
EndProject
Project("{2150E333-8FDC-42A3-9474-1A3956D46DE8}") = "cart-service", "cart-service", "{264A37E1-996C-28A0-B4CA-CB1D0C75A449}"
EndProject
Project("{FAE04EC0-301F-11D3-BF4B-00C04F79EFBC}") = "CartService", "services\cart-service\CartService.csproj", "{51068028-EE43-4694-B7F6-A173949472A8}"
EndProject
Project("{2150E333-8FDC-42A3-9474-1A3956D46DE8}") = "payment-service", "payment-service", "{4E227855-4648-962A-E790-FD207C358556}"
EndProject
Project("{FAE04EC0-301F-11D3-BF4B-00C04F79EFBC}") = "PaymentService", "services\payment-service\PaymentService.csproj", "{7A0100F7-837D-44B6-889C-E322A25574E6}"
EndProject
Project("{2150E333-8FDC-42A3-9474-1A3956D46DE8}") = "notification-service", "notification-service", "{C11069B0-78FC-CF9E-9D65-12F697A0DBA7}"
EndProject
Project("{FAE04EC0-301F-11D3-BF4B-00C04F79EFBC}") = "NotificationService", "services\notification-service\NotificationService.csproj", "{0D281CA7-93F9-41C3-B6BF-DBB13CB6FCD5}"
EndProject
Project("{2150E333-8FDC-42A3-9474-1A3956D46DE8}") = "inventory-service", "inventory-service", "{14E7C01E-F142-FF9F-4587-70947DB7103E}"
EndProject
Project("{FAE04EC0-301F-11D3-BF4B-00C04F79EFBC}") = "InventoryService", "services\inventory-service\InventoryService.csproj", "{7B4DE0CB-6579-4DE2-92AC-6C949B540764}"
EndProject
Project("{2150E333-8FDC-42A3-9474-1A3956D46DE8}") = "tests", "tests", "{0AB3BF05-4346-4AA6-1389-037BE0695223}"
EndProject
Project("{FAE04EC0-301F-11D3-BF4B-00C04F79EFBC}") = "EcommerceMicroservices.Tests", "tests\EcommerceMicroservices.Tests\EcommerceMicroservices.Tests.csproj", "{A1D4B5ED-4140-4392-AF49-AAF54995345A}"
EndProject
Global
	GlobalSection(SolutionConfigurationPlatforms) = preSolution
		Debug|Any CPU = Debug|Any CPU
		Debug|x64 = Debug|x64
		Debug|x86 = Debug|x86
		Release|Any CPU = Release|Any CPU
		Release|x64 = Release|x64
		Release|x86 = Release|x86
	EndGlobalSection
	GlobalSection(ProjectConfigurationPlatforms) = postSolution
		{910063AE-6B2F-4C35-A53E-F5BE24D8DDA2}.Debug|Any CPU.ActiveCfg = Debug|Any CPU
		{910063AE-6B2F-4C35-A53E-F5BE24D8DDA2}.Debug|Any CPU.Build.0 = Debug|Any CPU
		{910063AE-6B2F-4C35-A53E-F5BE24D8DDA2}.Debug|x64.ActiveCfg = Debug|Any CPU
		{910063AE-6B2F-4C35-A53E-F5BE24D8DDA2}.Debug|x64.Build.0 = Debug|Any CPU
		{910063AE-6B2F-4C35-A53E-F5BE24D8DDA2}.Debug|x86.ActiveCfg = Debug|Any CPU
		{910063AE-6B2F-4C35-A53E-F5BE24D8DDA2}.Debug|x86.Build.0 = Debug|Any CPU
		{910063AE-6B2F-4C35-A53E-F5BE24D8DDA2}.Release|Any CPU.ActiveCfg = Release|Any CPU
		{910063AE-6B2F-4C35-A53E-F5BE24D8DDA2}.Release|Any CPU.Build.0 = Release|Any CPU
		{910063AE-6B2F-4C35-A53E-F5BE24D8DDA2}.Release|x64.ActiveCfg = Release|Any CPU
		{910063AE-6B2F-4C35-A53E-F5BE24D8DDA2}.Release|x64.Build.0 = Release|Any CPU
		{910063AE-6B2F-4C35-A53E-F5BE24D8DDA2}.Release|x86.ActiveCfg = Release|Any CPU
		{910063AE-6B2F-4C35-A53E-F5BE24D8DDA2}.Release|x86.Build.0 = Release|Any CPU
		{908D1EAB-515A-4213-8749-493DD8913315}.Debug|Any CPU.ActiveCfg = Debug|Any CPU
		{908D1EAB-515A-4213-8749-493DD8913315}.Debug|Any CPU.Build.0 = Debug|Any CPU
		{908D1EAB-515A-4213-8749-493DD8913315}.Debug|x64.ActiveCfg = Debug|Any CPU
		{908D1EAB-515A-4213-8749-493DD8913315}.Debug|x64.Build.0 = Debug|Any CPU
		{908D1EAB-515A-4213-8749-493DD8913315}.Debug|x86.ActiveCfg = Debug|Any CPU
		{908D1EAB-515A-4213-8749-493DD8913315}.Debug|x86.Build.0 = Debug|Any CPU
		{908D1EAB-515A-4213-8749-493DD8913315}.Release|Any CPU.ActiveCfg = Release|Any CPU
		{908D1EAB-515A-4213-8749-493DD8913315}.Release|Any CPU.Build.0 = Release|Any CPU
		{908D1EAB-515A-4213-8749-493DD8913315}.Release|x64.ActiveCfg = Release|Any CPU
		{908D1EAB-515A-4213-8749-493DD8913315}.Release|x64.Build.0 = Release|Any CPU
		{908D1EAB-515A-4213-8749-493DD8913315}.Release|x86.ActiveCfg = Release|Any CPU
		{908D1EAB-515A-4213-8749-493DD8913315}.Release|x86.Build.0 = Release|Any CPU
		{8A41AF98-028D-451A-9AC5-0A475D3CF933}.Debug|Any CPU.ActiveCfg = Debug|Any CPU
		{8A41AF98-028D-451A-9AC5-0A475D3CF933}.Debug|Any CPU.Build.0 = Debug|Any CPU
		{8A41AF98-028D-451A-9AC5-0A475D3CF933}.Debug|x64.ActiveCfg = Debug|Any CPU
		{8A41AF98-028D-451A-9AC5-0A475D3CF933}.Debug|x64.Build.0 = Debug|Any CPU
		{8A41AF98-028D-451A-9AC5-0A475D3CF933}.Debug|x86.ActiveCfg = Debug|Any CPU
		{8A41AF98-028D-451A-9AC5-0A475D3CF933}.Debug|x86.Build.0 = Debug|Any CPU
		{8A41AF98-028D-451A-9AC5-0A475D3CF933}.Release|Any CPU.ActiveCfg = Release|Any CPU
		{8A41AF98-028D-451A-9AC5-0A475D3CF933}.Release|Any CPU.Build.0 = Release|Any CPU
		{8A41AF98-028D-451A-9AC5-0A475D3CF933}.Release|x64.ActiveCfg = Release|Any CPU
		{8A41AF98-028D-451A-9AC5-0A475D3CF933}.Release|x64.Build.0 = Release|Any CPU
		{8A41AF98-028D-451A-9AC5-0A475D3CF933}.Release|x86.ActiveCfg = Release|Any CPU
		{8A41AF98-028D-451A-9AC5-0A475D3CF933}.Release|x86.Build.0 = Release|Any CPU
		{71656A64-1F52-4038-B88F-2067741EE4AF}.Debug|Any CPU.ActiveCfg = Debug|Any CPU
		{71656A64-1F52-4038-B88F-2067741EE4AF}.Debug|Any CPU.Build.0 = Debug|Any CPU
		{71656A64-1F52-4038-B88F-2067741EE4AF}.Debug|x64.ActiveCfg = Debug|Any CPU
		{71656A64-1F52-4038-B88F-2067741EE4AF}.Debug|x64.Build.0 = Debug|Any CPU
		{71656A64-1F52-4038-B88F-2067741EE4AF}.Debug|x86.ActiveCfg = Debug|Any CPU
		{71656A64-1F52-4038-B88F-2067741EE4AF}.Debug|x86.Build.0 = Debug|Any CPU
		{71656A64-1F52-4038-B88F-2067741EE4AF}.Release|Any CPU.ActiveCfg = Release|Any CPU
		{71656A64-1F52-4038-B88F-2067741EE4AF}.Release|Any CPU.Build.0 = Release|Any CPU
		{71656A64-1F52-4038-B88F-2067741EE4AF}.Release|x64.ActiveCfg = Release|Any CPU
		{71656A64-1F52-4038-B88F-2067741EE4AF}.Release|x64.Build.0 = Release|Any CPU
		{71656A64-1F52-4038-B88F-2067741EE4AF}.Release|x86.ActiveCfg = Release|Any CPU
		{71656A64-1F52-4038-B88F-2067741EE4AF}.Release|x86.Build.0 = Release|Any CPU
		{51068028-EE43-4694-B7F6-A173949472A8}.Debug|Any CPU.ActiveCfg = Debug|Any CPU
		{51068028-EE43-4694-B7F6-A173949472A8}.Debug|Any CPU.Build.0 = Debug|Any CPU
		{51068028-EE43-4694-B7F6-A173949472A8}.Debug|x64.ActiveCfg = Debug|Any CPU
		{51068028-EE43-4694-B7F6-A173949472A8}.Debug|x64.Build.0 = Debug|Any CPU
		{51068028-EE43-4694-B7F6-A173949472A8}.Debug|x86.ActiveCfg = Debug|Any CPU
		{51068028-EE43-4694-B7F6-A173949472A8}.Debug|x86.Build.0 = Debug|Any CPU
		{51068028-EE43-4694-B7F6-A173949472A8}.Release|Any CPU.ActiveCfg = Release|Any CPU
		{51068028-EE43-4694-B7F6-A173949472A8}.Release|Any CPU.Build.0 = Release|Any CPU
		{51068028-EE43-4694-B7F6-A173949472A8}.Release|x64.ActiveCfg = Release|Any CPU
		{51068028-EE43-4694-B7F6-A173949472A8}.Release|x64.Build.0 = Release|Any CPU
		{51068028-EE43-4694-B7F6-A173949472A8}.Release|x86.ActiveCfg = Release|Any CPU
		{51068028-EE43-4694-B7F6-A173949472A8}.Release|x86.Build.0 = Release|Any CPU
		{7A0100F7-837D-44B6-889C-E322A25574E6}.Debug|Any CPU.ActiveCfg = Debug|Any CPU
		{7A0100F7-837D-44B6-889C-E322A25574E6}.Debug|Any CPU.Build.0 = Debug|Any CPU
		{7A0100F7-837D-44B6-889C-E322A25574E6}.Debug|x64.ActiveCfg = Debug|Any CPU
		{7A0100F7-837D-44B6-889C-E322A25574E6}.Debug|x64.Build.0 = Debug|Any CPU
		{7A0100F7-837D-44B6-889C-E322A25574E6}.Debug|x86.ActiveCfg = Debug|Any CPU
		{7A0100F7-837D-44B6-889C-E322A25574E6}.Debug|x86.Build.0 = Debug|Any CPU
		{7A0100F7-837D-44B6-889C-E322A25574E6}.Release|Any CPU.ActiveCfg = Release|Any CPU
		{7A0100F7-837D-44B6-889C-E322A25574E6}.Release|Any CPU.Build.0 = Release|Any CPU
		{7A0100F7-837D-44B6-889C-E322A25574E6}.Release|x64.ActiveCfg = Release|Any CPU
		{7A0100F7-837D-44B6-889C-E322A25574E6}.Release|x64.Build.0 = Release|Any CPU
		{7A0100F7-837D-44B6-889C-E322A25574E6}.Release|x86.ActiveCfg = Release|Any CPU
		{7A0100F7-837D-44B6-889C-E322A25574E6}.Release|x86.Build.0 = Release|Any CPU
		{0D281CA7-93F9-41C3-B6BF-DBB13CB6FCD5}.Debug|Any CPU.ActiveCfg = Debug|Any CPU
		{0D281CA7-93F9-41C3-B6BF-DBB13CB6FCD5}.Debug|Any CPU.Build.0 = Debug|Any CPU
		{0D281CA7-93F9-41C3-B6BF-DBB13CB6FCD5}.Debug|x64.ActiveCfg = Debug|Any CPU
		{0D281CA7-93F9-41C3-B6BF-DBB13CB6FCD5}.Debug|x64.Build.0 = Debug|Any CPU
		{0D281CA7-93F9-41C3-B6BF-DBB13CB6FCD5}.Debug|x86.ActiveCfg = Debug|Any CPU
		{0D281CA7-93F9-41C3-B6BF-DBB13CB6FCD5}.Debug|x86.Build.0 = Debug|Any CPU
		{0D281CA7-93F9-41C3-B6BF-DBB13CB6FCD5}.Release|Any CPU.ActiveCfg = Release|Any CPU
		{0D281CA7-93F9-41C3-B6BF-DBB13CB6FCD5}.Release|Any CPU.Build.0 = Release|Any CPU
		{0D281CA7-93F9-41C3-B6BF-DBB13CB6FCD5}.Release|x64.ActiveCfg = Release|Any CPU
		{0D281CA7-93F9-41C3-B6BF-DBB13CB6FCD5}.Release|x64.Build.0 = Release|Any CPU
		{0D281CA7-93F9-41C3-B6BF-DBB13CB6FCD5}.Release|x86.ActiveCfg = Release|Any CPU
		{0D281CA7-93F9-41C3-B6BF-DBB13CB6FCD5}.Release|x86.Build.0 = Release|Any CPU
		{7B4DE0CB-6579-4DE2-92AC-6C949B540764}.Debug|Any CPU.ActiveCfg = Debug|Any CPU
		{7B4DE0CB-6579-4DE2-92AC-6C949B540764}.Debug|Any CPU.Build.0 = Debug|Any CPU
		{7B4DE0CB-6579-4DE2-92AC-6C949B540764}.Debug|x64.ActiveCfg = Debug|Any CPU
		{7B4DE0CB-6579-4DE2-92AC-6C949B540764}.Debug|x64.Build.0 = Debug|Any CPU
		{7B4DE0CB-6579-4DE2-92AC-6C949B540764}.Debug|x86.ActiveCfg = Debug|Any CPU
		{7B4DE0CB-6579-4DE2-92AC-6C949B540764}.Debug|x86.Build.0 = Debug|Any CPU
		{7B4DE0CB-6579-4DE2-92AC-6C949B540764}.Release|Any CPU.ActiveCfg = Release|Any CPU
		{7B4DE0CB-6579-4DE2-92AC-6C949B540764}.Release|Any CPU.Build.0 = Release|Any CPU
		{7B4DE0CB-6579-4DE2-92AC-6C949B540764}.Release|x64.ActiveCfg = Release|Any CPU
		{7B4DE0CB-6579-4DE2-92AC-6C949B540764}.Release|x64.Build.0 = Release|Any CPU
		{7B4DE0CB-6579-4DE2-92AC-6C949B540764}.Release|x86.ActiveCfg = Release|Any CPU
		{7B4DE0CB-6579-4DE2-92AC-6C949B540764}.Release|x86.Build.0 = Release|Any CPU
		{A1D4B5ED-4140-4392-AF49-AAF54995345A}.Debug|Any CPU.ActiveCfg = Debug|Any CPU
		{A1D4B5ED-4140-4392-AF49-AAF54995345A}.Debug|Any CPU.Build.0 = Debug|Any CPU
		{A1D4B5ED-4140-4392-AF49-AAF54995345A}.Debug|x64.ActiveCfg = Debug|Any CPU
		{A1D4B5ED-4140-4392-AF49-AAF54995345A}.Debug|x64.Build.0 = Debug|Any CPU
		{A1D4B5ED-4140-4392-AF49-AAF54995345A}.Debug|x86.ActiveCfg = Debug|Any CPU
		{A1D4B5ED-4140-4392-AF49-AAF54995345A}.Debug|x86.Build.0 = Debug|Any CPU
		{A1D4B5ED-4140-4392-AF49-AAF54995345A}.Release|Any CPU.ActiveCfg = Release|Any CPU
		{A1D4B5ED-4140-4392-AF49-AAF54995345A}.Release|Any CPU.Build.0 = Release|Any CPU
		{A1D4B5ED-4140-4392-AF49-AAF54995345A}.Release|x64.ActiveCfg = Release|Any CPU
		{A1D4B5ED-4140-4392-AF49-AAF54995345A}.Release|x64.Build.0 = Release|Any CPU
		{A1D4B5ED-4140-4392-AF49-AAF54995345A}.Release|x86.ActiveCfg = Release|Any CPU
		{A1D4B5ED-4140-4392-AF49-AAF54995345A}.Release|x86.Build.0 = Release|Any CPU
	EndGlobalSection
	GlobalSection(SolutionProperties) = preSolution
		HideSolutionNode = FALSE
	EndGlobalSection
	GlobalSection(NestedProjects) = preSolution
		{7F6C3B85-1376-B120-7EF4-00D42A28B76F} = {5854FF58-B8C5-05C6-5BF2-ACE42193F22B}
		{910063AE-6B2F-4C35-A53E-F5BE24D8DDA2} = {7F6C3B85-1376-B120-7EF4-00D42A28B76F}
		{BD743EE6-53CF-A858-462E-2C1E7C2A196E} = {5854FF58-B8C5-05C6-5BF2-ACE42193F22B}
		{908D1EAB-515A-4213-8749-493DD8913315} = {BD743EE6-53CF-A858-462E-2C1E7C2A196E}
		{6BA2C5F8-8CDC-9D22-C063-7A94EB5993AF} = {5854FF58-B8C5-05C6-5BF2-ACE42193F22B}
		{8A41AF98-028D-451A-9AC5-0A475D3CF933} = {6BA2C5F8-8CDC-9D22-C063-7A94EB5993AF}
		{71656A64-1F52-4038-B88F-2067741EE4AF} = {D5740E39-79EC-8D71-EBC3-DD458F48E25C}
		{264A37E1-996C-28A0-B4CA-CB1D0C75A449} = {5854FF58-B8C5-05C6-5BF2-ACE42193F22B}
		{51068028-EE43-4694-B7F6-A173949472A8} = {264A37E1-996C-28A0-B4CA-CB1D0C75A449}
		{4E227855-4648-962A-E790-FD207C358556} = {5854FF58-B8C5-05C6-5BF2-ACE42193F22B}
		{7A0100F7-837D-44B6-889C-E322A25574E6} = {4E227855-4648-962A-E790-FD207C358556}
		{C11069B0-78FC-CF9E-9D65-12F697A0DBA7} = {5854FF58-B8C5-05C6-5BF2-ACE42193F22B}
		{0D281CA7-93F9-41C3-B6BF-DBB13CB6FCD5} = {C11069B0-78FC-CF9E-9D65-12F697A0DBA7}
		{14E7C01E-F142-FF9F-4587-70947DB7103E} = {5854FF58-B8C5-05C6-5BF2-ACE42193F22B}
		{7B4DE0CB-6579-4DE2-92AC-6C949B540764} = {14E7C01E-F142-FF9F-4587-70947DB7103E}
		{A1D4B5ED-4140-4392-AF49-AAF54995345A} = {0AB3BF05-4346-4AA6-1389-037BE0695223}
	EndGlobalSection
EndGlobal
